
Microsoft Visual Studio Solution File, Format Version 12.00
# Visual Studio Version 16
VisualStudioVersion = 16.0.31424.327
MinimumVisualStudioVersion = 10.0.40219.1
Project("{FAE04EC0-301F-11D3-BF4B-00C04F79EFBC}") = "StockPortfolioAPI", "StockPortfolioAPI\StockPortfolioAPI.csproj", "{E8058E92-CDBE-4C79-A66B-2D02949A3763}"
EndProject
Global
	GlobalSection(SolutionConfigurationPlatforms) = preSolution
		Debug|Any CPU = Debug|Any CPU
		Release|Any CPU = Release|Any CPU
	EndGlobalSection
	GlobalSection(ProjectConfigurationPlatforms) = postSolution
		{E8058E92-CDBE-4C79-A66B-2D02949A3763}.Debug|Any CPU.ActiveCfg = Debug|Any CPU
		{E8058E92-CDBE-4C79-A66B-2D02949A3763}.Debug|Any CPU.Build.0 = Debug|Any CPU
		{E8058E92-CDBE-4C79-A66B-2D02949A3763}.Release|Any CPU.ActiveCfg = Release|Any CPU
		{E8058E92-CDBE-4C79-A66B-2D02949A3763}.Release|Any CPU.Build.0 = Release|Any CPU
	EndGlobalSection
	GlobalSection(SolutionProperties) = preSolution
		HideSolutionNode = FALSE
	EndGlobalSection
	GlobalSection(ExtensibilityGlobals) = postSolution
		SolutionGuid = {2230A10E-8834-4821-ADA8-F2B2708DB52C}
	EndGlobalSection
EndGlobal
